
Microsoft Visual Studio Solution File, Format Version 12.00
# Visual Studio Version 16
VisualStudioVersion = 16.0.32126.315
MinimumVisualStudioVersion = 10.0.40219.1
Project("{FAE04EC0-301F-11D3-BF4B-00C04F79EFBC}") = "PMDLogger", "PMDLogger\PMDLogger.csproj", "{0F3470DB-A4A0-4844-925A-AAD1417C0E49}"
EndProject
Global
	GlobalSection(SolutionConfigurationPlatforms) = preSolution
		Debug|Any CPU = Debug|Any CPU
		Release|Any CPU = Release|Any CPU
	EndGlobalSection
	GlobalSection(ProjectConfigurationPlatforms) = postSolution
		{0F3470DB-A4A0-4844-925A-AAD1417C0E49}.Debug|Any CPU.ActiveCfg = Debug|Any CPU
		{0F3470DB-A4A0-4844-925A-AAD1417C0E49}.Debug|Any CPU.Build.0 = Debug|Any CPU
		{0F3470DB-A4A0-4844-925A-AAD1417C0E49}.Release|Any CPU.ActiveCfg = Release|Any CPU
		{0F3470DB-A4A0-4844-925A-AAD1417C0E49}.Release|Any CPU.Build.0 = Release|Any CPU
	EndGlobalSection
	GlobalSection(SolutionProperties) = preSolution
		HideSolutionNode = FALSE
	EndGlobalSection
	GlobalSection(ExtensibilityGlobals) = postSolution
		SolutionGuid = {B8D75166-680E-4254-9090-37C03D2E168B}
	EndGlobalSection
EndGlobal
